{
  "name": "family-command-center",
  "version": "0.1.0",
  "lockfileVersion": 3,
  "requires": true,
  "packages": {
    "": {
      "name": "family-command-center",
      "version": "0.1.0",
      "dependencies": {
        "@prisma/client": "6.19.3",
        "clsx": "latest",
        "date-fns": "latest",
        "date-fns-tz": "latest",
        "ical.js": "latest",
        "jose": "latest",
        "lucide-react": "latest",
        "next": "latest",
        "node-cron": "latest",
        "pino": "latest",
        "react": "latest",
        "react-dom": "latest",
        "tailwind-merge": "latest",
        "tsdav": "latest",
        "zod": "latest"
      },
      "devDependencies": {
        "@tailwindcss/postcss": "latest",
        "@testing-library/jest-dom": "latest",
        "@testing-library/react": "latest",
        "@types/node": "latest",
        "@types/react": "latest",
        "@types/react-dom": "latest",
        "playwright": "latest",
        "prisma": "6.19.3",
        "tailwindcss": "latest",
        "tsx": "latest",
        "typescript": "latest",
        "vitest": "latest"
      }
    }
  }
}
